{
  "requires": true,
  "lockfileVersion": 1,
  "dependencies": {
    "float-labels.js": {
      "version": "3.3.9",
      "resolved": "https://registry.npmjs.org/float-labels.js/-/float-labels.js-3.3.9.tgz",
      "integrity": "sha512-zqeSutKb5CQZXlYvryBbuuZlEbppCc6GzwyNi9an4oPymUaibgmSOthdURBm0gD6mkXB2IqYEAkIiKU4VR9oeg=="
    }
  }
}
